// !$*UTF8*$!
{
	archiveVersion = 1;
	classes = {
	};
	objectVersion = 50;
	objects = {

/* Begin PBXBuildFile section */
		5D6ED509248C2E9F00DED78C /* AppDelegate.swift in Sources */ = {isa = PBXBuildFile; fileRef = 5D6ED508248C2E9F00DED78C /* AppDelegate.swift */; };
		5D6ED50B248C2E9F00DED78C /* SceneDelegate.swift in Sources */ = {isa = PBXBuildFile; fileRef = 5D6ED50A248C2E9F00DED78C /* SceneDelegate.swift */; };
		5D6ED50D248C2E9F00DED78C /* ViewController.swift in Sources */ = {isa = PBXBuildFile; fileRef = 5D6ED50C248C2E9F00DED78C /* ViewController.swift */; };
		5D6ED510248C2E9F00DED78C /* Main.storyboard in Resources */ = {isa = PBXBuildFile; fileRef = 5D6ED50E248C2E9F00DED78C /* Main.storyboard */; };
		5D6ED512248C2EA000DED78C /* Assets.xcassets in Resources */ = {isa = PBXBuildFile; fileRef = 5D6ED511248C2EA000DED78C /* Assets.xcassets */; };
		5D6ED515248C2EA000DED78C /* LaunchScreen.storyboard in Resources */ = {isa = PBXBuildFile; fileRef = 5D6ED513248C2EA000DED78C /* LaunchScreen.storyboard */; };
		5D6ED520248C2F1000DED78C /* AppleProduct.swift in Sources */ = {isa = PBXBuildFile; fileRef = 5D6ED51F248C2F1000DED78C /* AppleProduct.swift */; };
		5D6ED522248C2FB400DED78C /* PrettyViewController.swift in Sources */ = {isa = PBXBuildFile; fileRef = 5D6ED521248C2FB400DED78C /* PrettyViewController.swift */; };
		5D6ED524248C447B00DED78C /* SamsungProduct.swift in Sources */ = {isa = PBXBuildFile; fileRef = 5D6ED523248C447B00DED78C /* SamsungProduct.swift */; };
		5D6ED528248C495B00DED78C /* CustomLabelViewController.swift in Sources */ = {isa = PBXBuildFile; fileRef = 5D6ED527248C495B00DED78C /* CustomLabelViewController.swift */; };
/* End PBXBuildFile section */

/* Begin PBXFileReference section */
		5D6ED505248C2E9F00DED78C /* basics.app */ = {isa = PBXFileReference; explicitFileType = wrapper.application; includeInIndex = 0; path = basics.app; sourceTree = BUILT_PRODUCTS_DIR; };
		5D6ED508248C2E9F00DED78C /* AppDelegate.swift */ = {isa = PBXFileReference; lastKnownFileType = sourcecode.swift; path = AppDelegate.swift; sourceTree = "<group>"; };
		5D6ED50A248C2E9F00DED78C /* SceneDelegate.swift */ = {isa = PBXFileReference; lastKnownFileType = sourcecode.swift; path = SceneDelegate.swift; sourceTree = "<group>"; };
		5D6ED50C248C2E9F00DED78C /* ViewController.swift */ = {isa = PBXFileReference; lastKnownFileType = sourcecode.swift; path = ViewController.swift; sourceTree = "<group>"; };
		5D6ED50F248C2E9F00DED78C /* Base */ = {isa = PBXFileReference; lastKnownFileType = file.storyboard; name = Base; path = Base.lproj/Main.storyboard; sourceTree = "<group>"; };
		5D6ED511248C2EA000DED78C /* Assets.xcassets */ = {isa = PBXFileReference; lastKnownFileType = folder.assetcatalog; path = Assets.xcassets; sourceTree = "<group>"; };
		5D6ED514248C2EA000DED78C /* Base */ = {isa = PBXFileReference; lastKnownFileType = file.storyboard; name = Base; path = Base.lproj/LaunchScreen.storyboard; sourceTree = "<group>"; };
		5D6ED516248C2EA000DED78C /* Info.plist */ = {isa = PBXFileReference; lastKnownFileType = text.plist.xml; path = Info.plist; sourceTree = "<group>"; };
		5D6ED51F248C2F1000DED78C /* AppleProduct.swift */ = {isa = PBXFileReference; lastKnownFileType = sourcecode.swift; path = AppleProduct.swift; sourceTree = "<group>"; };
		5D6ED521248C2FB400DED78C /* PrettyViewController.swift */ = {isa = PBXFileReference; lastKnownFileType = sourcecode.swift; path = PrettyViewController.swift; sourceTree = "<group>"; };
		5D6ED523248C447B00DED78C /* SamsungProduct.swift */ = {isa = PBXFileReference; lastKnownFileType = sourcecode.swift; path = SamsungProduct.swift; sourceTree = "<group>"; };
		5D6ED527248C495B00DED78C /* CustomLabelViewController.swift */ = {isa = PBXFileReference; lastKnownFileType = sourcecode.swift; path = CustomLabelViewController.swift; sourceTree = "<group>"; };
/* End PBXFileReference section */

/* Begin PBXFrameworksBuildPhase section */
		5D6ED502248C2E9F00DED78C /* Frameworks */ = {
			isa = PBXFrameworksBuildPhase;
			buildActionMask = 2147483647;
			files = (
			);
			runOnlyForDeploymentPostprocessing = 0;
		};
/* End PBXFrameworksBuildPhase section */

/* Begin PBXGroup section */
		5D6ED4FC248C2E9F00DED78C = {
			isa = PBXGroup;
			children = (
				5D6ED507248C2E9F00DED78C /* basics */,
				5D6ED506248C2E9F00DED78C /* Products */,
			);
			sourceTree = "<group>";
		};
		5D6ED506248C2E9F00DED78C /* Products */ = {
			isa = PBXGroup;
			children = (
				5D6ED505248C2E9F00DED78C /* basics.app */,
			);
			name = Products;
			sourceTree = "<group>";
		};
		5D6ED507248C2E9F00DED78C /* basics */ = {
			isa = PBXGroup;
			children = (
				5D6ED51E248C2EBC00DED78C /* Model */,
				5D6ED51D248C2EB000DED78C /* View */,
				5D6ED51C248C2EA700DED78C /* Controller */,
				5D6ED508248C2E9F00DED78C /* AppDelegate.swift */,
				5D6ED50A248C2E9F00DED78C /* SceneDelegate.swift */,
				5D6ED50E248C2E9F00DED78C /* Main.storyboard */,
				5D6ED511248C2EA000DED78C /* Assets.xcassets */,
				5D6ED513248C2EA000DED78C /* LaunchScreen.storyboard */,
				5D6ED516248C2EA000DED78C /* Info.plist */,
			);
			path = basics;
			sourceTree = "<group>";
		};
		5D6ED51C248C2EA700DED78C /* Controller */ = {
			isa = PBXGroup;
			children = (
				5D6ED50C248C2E9F00DED78C /* ViewController.swift */,
			);
			path = Controller;
			sourceTree = "<group>";
		};
		5D6ED51D248C2EB000DED78C /* View */ = {
			isa = PBXGroup;
			children = (
				5D6ED521248C2FB400DED78C /* PrettyViewController.swift */,
				5D6ED527248C495B00DED78C /* CustomLabelViewController.swift */,
			);
			path = View;
			sourceTree = "<group>";
		};
		5D6ED51E248C2EBC00DED78C /* Model */ = {
			isa = PBXGroup;
			children = (
				5D6ED51F248C2F1000DED78C /* AppleProduct.swift */,
				5D6ED523248C447B00DED78C /* SamsungProduct.swift */,
			);
			path = Model;
			sourceTree = "<group>";
		};
/* End PBXGroup section */

/* Begin PBXNativeTarget section */
		5D6ED504248C2E9F00DED78C /* basics */ = {
			isa = PBXNativeTarget;
			buildConfigurationList = 5D6ED519248C2EA000DED78C /* Build configuration list for PBXNativeTarget "basics" */;
			buildPhases = (
				5D6ED501248C2E9F00DED78C /* Sources */,
				5D6ED502248C2E9F00DED78C /* Frameworks */,
				5D6ED503248C2E9F00DED78C /* Resources */,
			);
			buildRules = (
			);
			dependencies = (
			);
			name = basics;
			productName = basics;
			productReference = 5D6ED505248C2E9F00DED78C /* basics.app */;
			productType = "com.apple.product-type.application";
		};
/* End PBXNativeTarget section */

/* Begin PBXProject section */
		5D6ED4FD248C2E9F00DED78C /* Project object */ = {
			isa = PBXProject;
			attributes = {
				LastSwiftUpdateCheck = 1130;
				LastUpgradeCheck = 1130;
				ORGANIZATIONNAME = "Divya Verma";
				TargetAttributes = {
					5D6ED504248C2E9F00DED78C = {
						CreatedOnToolsVersion = 11.3;
					};
				};
			};
			buildConfigurationList = 5D6ED500248C2E9F00DED78C /* Build configuration list for PBXProject "basics" */;
			compatibilityVersion = "Xcode 9.3";
			developmentRegion = en;
			hasScannedForEncodings = 0;
			knownRegions = (
				en,
				Base,
			);
			mainGroup = 5D6ED4FC248C2E9F00DED78C;
			productRefGroup = 5D6ED506248C2E9F00DED78C /* Products */;
			projectDirPath = "";
			projectRoot = "";
			targets = (
				5D6ED504248C2E9F00DED78C /* basics */,
			);
		};
/* End PBXProject section */

/* Begin PBXResourcesBuildPhase section */
		5D6ED503248C2E9F00DED78C /* Resources */ = {
			isa = PBXResourcesBuildPhase;
			buildActionMask = 2147483647;
			files = (
				5D6ED515248C2EA000DED78C /* LaunchScreen.storyboard in Resources */,
				5D6ED512248C2EA000DED78C /* Assets.xcassets in Resources */,
				5D6ED510248C2E9F00DED78C /* Main.storyboard in Resources */,
			);
			runOnlyForDeploymentPostprocessing = 0;
		};
/* End PBXResourcesBuildPhase section */

/* Begin PBXSourcesBuildPhase section */
		5D6ED501248C2E9F00DED78C /* Sources */ = {
			isa = PBXSourcesBuildPhase;
			buildActionMask = 2147483647;
			files = (
				5D6ED520248C2F1000DED78C /* AppleProduct.swift in Sources */,
				5D6ED522248C2FB400DED78C /* PrettyViewController.swift in Sources */,
				5D6ED50D248C2E9F00DED78C /* ViewController.swift in Sources */,
				5D6ED509248C2E9F00DED78C /* AppDelegate.swift in Sources */,
				5D6ED524248C447B00DED78C /* SamsungProduct.swift in Sources */,
				5D6ED50B248C2E9F00DED78C /* SceneDelegate.swift in Sources */,
				5D6ED528248C495B00DED78C /* CustomLabelViewController.swift in Sources */,
			);
			runOnlyForDeploymentPostprocessing = 0;
		};
/* End PBXSourcesBuildPhase section */

/* Begin PBXVariantGroup section */
		5D6ED50E248C2E9F00DED78C /* Main.storyboard */ = {
			isa = PBXVariantGroup;
			children = (
				5D6ED50F248C2E9F00DED78C /* Base */,
			);
			name = Main.storyboard;
			sourceTree = "<group>";
		};
		5D6ED513248C2EA000DED78C /* LaunchScreen.storyboard */ = {
			isa = PBXVariantGroup;
			children = (
				5D6ED514248C2EA000DED78C /* Base */,
			);
			name = LaunchScreen.storyboard;
			sourceTree = "<group>";
		};
/* End PBXVariantGroup section */

/* Begin XCBuildConfiguration section */
		5D6ED517248C2EA000DED78C /* Debug */ = {
			isa = XCBuildConfiguration;
			buildSettings = {
				ALWAYS_SEARCH_USER_PATHS = NO;
				CLANG_ANALYZER_NONNULL = YES;
				CLANG_ANALYZER_NUMBER_OBJECT_CONVERSION = YES_AGGRESSIVE;
				CLANG_CXX_LANGUAGE_STANDARD = "gnu++14";
				CLANG_CXX_LIBRARY = "libc++";
				CLANG_ENABLE_MODULES = YES;
				CLANG_ENABLE_OBJC_ARC = YES;
				CLANG_ENABLE_OBJC_WEAK = YES;
				CLANG_WARN_BLOCK_CAPTURE_AUTORELEASING = YES;
				CLANG_WARN_BOOL_CONVERSION = YES;
				CLANG_WARN_COMMA = YES;
				CLANG_WARN_CONSTANT_CONVERSION = YES;
				CLANG_WARN_DEPRECATED_OBJC_IMPLEMENTATIONS = YES;
				CLANG_WARN_DIRECT_OBJC_ISA_USAGE = YES_ERROR;
				CLANG_WARN_DOCUMENTATION_COMMENTS = YES;
				CLANG_WARN_EMPTY_BODY = YES;
				CLANG_WARN_ENUM_CONVERSION = YES;
				CLANG_WARN_INFINITE_RECURSION = YES;
				CLANG_WARN_INT_CONVERSION = YES;
				CLANG_WARN_NON_LITERAL_NULL_CONVERSION = YES;
				CLANG_WARN_OBJC_IMPLICIT_RETAIN_SELF = YES;
				CLANG_WARN_OBJC_LITERAL_CONVERSION = YES;
				CLANG_WARN_OBJC_ROOT_CLASS = YES_ERROR;
				CLANG_WARN_RANGE_LOOP_ANALYSIS = YES;
				CLANG_WARN_STRICT_PROTOTYPES = YES;
				CLANG_WARN_SUSPICIOUS_MOVE = YES;
				CLANG_WARN_UNGUARDED_AVAILABILITY = YES_AGGRESSIVE;
				CLANG_WARN_UNREACHABLE_CODE = YES;
				CLANG_WARN__DUPLICATE_METHOD_MATCH = YES;
				COPY_PHASE_STRIP = NO;
				DEBUG_INFORMATION_FORMAT = dwarf;
				ENABLE_STRICT_OBJC_MSGSEND = YES;
				ENABLE_TESTABILITY = YES;
				GCC_C_LANGUAGE_STANDARD = gnu11;
				GCC_DYNAMIC_NO_PIC = NO;
				GCC_NO_COMMON_BLOCKS = YES;
				GCC_OPTIMIZATION_LEVEL = 0;
				GCC_PREPROCESSOR_DEFINITIONS = (
					"DEBUG=1",
					"$(inherited)",
				);
				GCC_WARN_64_TO_32_BIT_CONVERSION = YES;
				GCC_WARN_ABOUT_RETURN_TYPE = YES_ERROR;
				GCC_WARN_UNDECLARED_SELECTOR = YES;
				GCC_WARN_UNINITIALIZED_AUTOS = YES_AGGRESSIVE;
				GCC_WARN_UNUSED_FUNCTION = YES;
				GCC_WARN_UNUSED_VARIABLE = YES;
				IPHONEOS_DEPLOYMENT_TARGET = 13.2;
				MTL_ENABLE_DEBUG_INFO = INCLUDE_SOURCE;
				MTL_FAST_MATH = YES;
				ONLY_ACTIVE_ARCH = YES;
				SDKROOT = iphoneos;
				SWIFT_ACTIVE_COMPILATION_CONDITIONS = DEBUG;
				SWIFT_OPTIMIZATION_LEVEL = "-Onone";
			};
			name = Debug;
		};
		5D6ED518248C2EA000DED78C /* Release */ = {
			isa = XCBuildConfiguration;
			buildSettings = {
				ALWAYS_SEARCH_USER_PATHS = NO;
				CLANG_ANALYZER_NONNULL = YES;
				CLANG_ANALYZER_NUMBER_OBJECT_CONVERSION = YES_AGGRESSIVE;
				CLANG_CXX_LANGUAGE_STANDARD = "gnu++14";
				CLANG_CXX_LIBRARY = "libc++";
				CLANG_ENABLE_MODULES = YES;
				CLANG_ENABLE_OBJC_ARC = YES;
				CLANG_ENABLE_OBJC_WEAK = YES;
				CLANG_WARN_BLOCK_CAPTURE_AUTORELEASING = YES;
				CLANG_WARN_BOOL_CONVERSION = YES;
				CLANG_WARN_COMMA = YES;
				CLANG_WARN_CONSTANT_CONVERSION = YES;
				CLANG_WARN_DEPRECATED_OBJC_IMPLEMENTATIONS = YES;
				CLANG_WARN_DIRECT_OBJC_ISA_USAGE = YES_ERROR;
				CLANG_WARN_DOCUMENTATION_COMMENTS = YES;
				CLANG_WARN_EMPTY_BODY = YES;
				CLANG_WARN_ENUM_CONVERSION = YES;
				CLANG_WARN_INFINITE_RECURSION = YES;
				CLANG_WARN_INT_CONVERSION = YES;
				CLANG_WARN_NON_LITERAL_NULL_CONVERSION = YES;
				CLANG_WARN_OBJC_IMPLICIT_RETAIN_SELF = YES;
				CLANG_WARN_OBJC_LITERAL_CONVERSION = YES;
				CLANG_WARN_OBJC_ROOT_CLASS = YES_ERROR;
				CLANG_WARN_RANGE_LOOP_ANALYSIS = YES;
				CLANG_WARN_STRICT_PROTOTYPES = YES;
				CLANG_WARN_SUSPICIOUS_MOVE = YES;
				CLANG_WARN_UNGUARDED_AVAILABILITY = YES_AGGRESSIVE;
				CLANG_WARN_UNREACHABLE_CODE = YES;
				CLANG_WARN__DUPLICATE_METHOD_MATCH = YES;
				COPY_PHASE_STRIP = NO;
				DEBUG_INFORMATION_FORMAT = "dwarf-with-dsym";
				ENABLE_NS_ASSERTIONS = NO;
				ENABLE_STRICT_OBJC_MSGSEND = YES;
				GCC_C_LANGUAGE_STANDARD = gnu11;
				GCC_NO_COMMON_BLOCKS = YES;
				GCC_WARN_64_TO_32_BIT_CONVERSION = YES;
				GCC_WARN_ABOUT_RETURN_TYPE = YES_ERROR;
				GCC_WARN_UNDECLARED_SELECTOR = YES;
				GCC_WARN_UNINITIALIZED_AUTOS = YES_AGGRESSIVE;
				GCC_WARN_UNUSED_FUNCTION = YES;
				GCC_WARN_UNUSED_VARIABLE = YES;
				IPHONEOS_DEPLOYMENT_TARGET = 13.2;
				MTL_ENABLE_DEBUG_INFO = NO;
				MTL_FAST_MATH = YES;
				SDKROOT = iphoneos;
				SWIFT_COMPILATION_MODE = wholemodule;
				SWIFT_OPTIMIZATION_LEVEL = "-O";
				VALIDATE_PRODUCT = YES;
			};
			name = Release;
		};
		5D6ED51A248C2EA000DED78C /* Debug */ = {
			isa = XCBuildConfiguration;
			buildSettings = {
				ASSETCATALOG_COMPILER_APPICON_NAME = AppIcon;
				CODE_SIGN_STYLE = Automatic;
				INFOPLIST_FILE = basics/Info.plist;
				LD_RUNPATH_SEARCH_PATHS = (
					"$(inherited)",
					"@executable_path/Frameworks",
				);
				PRODUCT_BUNDLE_IDENTIFIER = com.app.basics;
				PRODUCT_NAME = "$(TARGET_NAME)";
				SWIFT_VERSION = 5.0;
				TARGETED_DEVICE_FAMILY = "1,2";
			};
			name = Debug;
		};
		5D6ED51B248C2EA000DED78C /* Release */ = {
			isa = XCBuildConfiguration;
			buildSettings = {
				ASSETCATALOG_COMPILER_APPICON_NAME = AppIcon;
				CODE_SIGN_STYLE = Automatic;
				INFOPLIST_FILE = basics/Info.plist;
				LD_RUNPATH_SEARCH_PATHS = (
					"$(inherited)",
					"@executable_path/Frameworks",
				);
				PRODUCT_BUNDLE_IDENTIFIER = com.app.basics;
				PRODUCT_NAME = "$(TARGET_NAME)";
				SWIFT_VERSION = 5.0;
				TARGETED_DEVICE_FAMILY = "1,2";
			};
			name = Release;
		};
/* End XCBuildConfiguration section */

/* Begin XCConfigurationList section */
		5D6ED500248C2E9F00DED78C /* Build configuration list for PBXProject "basics" */ = {
			isa = XCConfigurationList;
			buildConfigurations = (
				5D6ED517248C2EA000DED78C /* Debug */,
				5D6ED518248C2EA000DED78C /* Release */,
			);
			defaultConfigurationIsVisible = 0;
			defaultConfigurationName = Release;
		};
		5D6ED519248C2EA000DED78C /* Build configuration list for PBXNativeTarget "basics" */ = {
			isa = XCConfigurationList;
			buildConfigurations = (
				5D6ED51A248C2EA000DED78C /* Debug */,
				5D6ED51B248C2EA000DED78C /* Release */,
			);
			defaultConfigurationIsVisible = 0;
			defaultConfigurationName = Release;
		};
/* End XCConfigurationList section */
	};
	rootObject = 5D6ED4FD248C2E9F00DED78C /* Project object */;
}
